{
  "version": 4,
  "terraform_version": "0.14.4",
  "serial": 60,
  "lineage": "fafec2b6-a999-6112-a18f-4b8924484430",
  "outputs": {
    "ip": {
      "value": "18.135.42.59",
      "type": "string"
    },
    "public_dns": {
      "value": "ec2-18-135-42-59.eu-west-2.compute.amazonaws.com",
      "type": "string"
    }
  },
  "resources": [
    {
      "mode": "managed",
      "type": "aws_eip",
      "name": "instance",
      "provider": "provider[\"registry.terraform.io/hashicorp/aws\"]",
      "instances": [
        {
          "schema_version": 0,
          "attributes": {
            "allocation_id": null,
            "associate_with_private_ip": null,
            "association_id": "eipassoc-03d9a4cb018b4d060",
            "customer_owned_ip": "",
            "customer_owned_ipv4_pool": "",
            "domain": "vpc",
            "id": "eipalloc-06af0c77748c6e17e",
            "instance": "i-0c47700c55a3dc91c",
            "network_interface": "eni-0a321250c5d3df092",
            "private_dns": "ip-172-31-40-183.eu-west-2.compute.internal",
            "private_ip": "172.31.40.183",
            "public_dns": "ec2-18-135-42-59.eu-west-2.compute.amazonaws.com",
            "public_ip": "18.135.42.59",
            "public_ipv4_pool": "amazon",
            "tags": {},
            "timeouts": null,
            "vpc": true
          },
          "sensitive_attributes": [],
          "private": "eyJlMmJmYjczMC1lY2FhLTExZTYtOGY4OC0zNDM2M2JjN2M0YzAiOnsiZGVsZXRlIjoxODAwMDAwMDAwMDAsInJlYWQiOjkwMDAwMDAwMDAwMCwidXBkYXRlIjozMDAwMDAwMDAwMDB9fQ==",
          "dependencies": [
            "aws_instance.gyant-instance"
          ]
        }
      ]
    },
    {
      "mode": "managed",
      "type": "aws_key_pair",
      "name": "deployer",
      "provider": "provider[\"registry.terraform.io/hashicorp/aws\"]",
      "instances": [
        {
          "schema_version": 1,
          "attributes": {
            "arn": "arn:aws:ec2:eu-west-2:646620740110:key-pair/deployer",
            "fingerprint": "54:b9:3f:fe:2c:5f:a7:e5:5f:e9:63:d1:e4:7a:a1:71",
            "id": "deployer",
            "key_name": "deployer",
            "key_name_prefix": null,
            "key_pair_id": "key-0f53f12e8b0079dab",
            "public_key": "ssh-rsa AAAAB3NzaC1yc2EAAAADAQABAAABgQC7SWUpcEiDsO14hzDck5V4MD/wyEqVyt5H4YDGuVbd1cophLOQLendCmyQ3osyKe9R2YfcIGPoIOHPSo2CiOdGw1hNjvogoOQuQXOMJZiOh3jHEEZDWzQkgAd22cW44yWX2YzoiiTZtQG88vFf+s2weUA+cb/UNu8Z7aVxatVsJFNoTu3QrusYuDobO96h9fBnFtOGVvY0w6+GEq+YbTekURe26/REjhYLsBGqV3wgxoPaki1Q/wl0qF9eK0DOcbGeKVqSembnWfr0KdDJUEqp5It8zC20ebMZcar/BFsnFm33Dwy51pKBS/ne73avjob5AyTcShB2/9RpUNhNqnpWVTi9la84qGsWrhiSZACcYlpJY0KRxigwDHYgwPpVkZmA/eK0JvUUIL/FEuiaCr/BMQLUF1LtMgt8S6YwclaGEivoYrD94cDnEKUX83E40XCwaRhi20sdtlmWBpyCsFEbYTKDRCJKNt3A33cQicR1OnqyDXjbd7qjupSJk0cEQZ0= tpimenta@Administrators-iMac-3.local",
            "tags": {}
          },
          "sensitive_attributes": [],
          "private": "eyJzY2hlbWFfdmVyc2lvbiI6IjEifQ=="
        }
      ]
    },
    {
      "mode": "managed",
      "type": "aws_security_group",
      "name": "GYANT_VPC_Security_Group",
      "provider": "provider[\"registry.terraform.io/hashicorp/aws\"]",
      "instances": [
        {
          "schema_version": 1,
          "attributes": {
            "arn": "arn:aws:ec2:eu-west-2:646620740110:security-group/sg-05162735f340d1a09",
            "description": "GYANT APP VPC Security Group",
            "egress": [
              {
                "cidr_blocks": [
                  "0.0.0.0/0"
                ],
                "description": "",
                "from_port": 0,
                "ipv6_cidr_blocks": [],
                "prefix_list_ids": [],
                "protocol": "-1",
                "security_groups": [],
                "self": false,
                "to_port": 0
              }
            ],
            "id": "sg-05162735f340d1a09",
            "ingress": [
              {
                "cidr_blocks": [
                  "0.0.0.0/0"
                ],
                "description": "APP port from VPC",
                "from_port": 3000,
                "ipv6_cidr_blocks": [],
                "prefix_list_ids": [],
                "protocol": "tcp",
                "security_groups": [],
                "self": false,
                "to_port": 3000
              },
              {
                "cidr_blocks": [
                  "0.0.0.0/0"
                ],
                "description": "HTTP from VPC",
                "from_port": 80,
                "ipv6_cidr_blocks": [],
                "prefix_list_ids": [],
                "protocol": "tcp",
                "security_groups": [],
                "self": false,
                "to_port": 80
              },
              {
                "cidr_blocks": [
                  "0.0.0.0/0"
                ],
                "description": "SSH from VPC",
                "from_port": 22,
                "ipv6_cidr_blocks": [],
                "prefix_list_ids": [],
                "protocol": "tcp",
                "security_groups": [],
                "self": false,
                "to_port": 22
              },
              {
                "cidr_blocks": [
                  "0.0.0.0/0"
                ],
                "description": "TLS from VPC",
                "from_port": 443,
                "ipv6_cidr_blocks": [],
                "prefix_list_ids": [],
                "protocol": "tcp",
                "security_groups": [],
                "self": false,
                "to_port": 443
              }
            ],
            "name": "GYANT VPC Security Group",
            "name_prefix": null,
            "owner_id": "646620740110",
            "revoke_rules_on_delete": false,
            "tags": {
              "Description": "GYANT VPC Security Group",
              "Name": "GYANT VPC Security Group"
            },
            "timeouts": null,
            "vpc_id": "vpc-0c8d447932768ba58"
          },
          "sensitive_attributes": [],
          "private": "eyJlMmJmYjczMC1lY2FhLTExZTYtOGY4OC0zNDM2M2JjN2M0YzAiOnsiY3JlYXRlIjo2MDAwMDAwMDAwMDAsImRlbGV0ZSI6NjAwMDAwMDAwMDAwfSwic2NoZW1hX3ZlcnNpb24iOiIxIn0=",
          "dependencies": [
            "aws_vpc.My_VPC"
          ]
        }
      ]
    },
    {
      "mode": "managed",
      "type": "aws_vpc",
      "name": "My_VPC",
      "provider": "provider[\"registry.terraform.io/hashicorp/aws\"]",
      "instances": [
        {
          "schema_version": 1,
          "attributes": {
            "arn": "arn:aws:ec2:eu-west-2:646620740110:vpc/vpc-0c8d447932768ba58",
            "assign_generated_ipv6_cidr_block": false,
            "cidr_block": "10.0.0.0/16",
            "default_network_acl_id": "acl-02d29b7f79d7e36ef",
            "default_route_table_id": "rtb-0fcc4e89d47b0e9a4",
            "default_security_group_id": "sg-0bfa9c259f1c69e52",
            "dhcp_options_id": "dopt-d81323b0",
            "enable_classiclink": null,
            "enable_classiclink_dns_support": null,
            "enable_dns_hostnames": true,
            "enable_dns_support": true,
            "id": "vpc-0c8d447932768ba58",
            "instance_tenancy": "default",
            "ipv6_association_id": "",
            "ipv6_cidr_block": "",
            "main_route_table_id": "rtb-0fcc4e89d47b0e9a4",
            "owner_id": "646620740110",
            "tags": {
              "Name": "My VPC"
            }
          },
          "sensitive_attributes": [],
          "private": "eyJzY2hlbWFfdmVyc2lvbiI6IjEifQ=="
        }
      ]
    }
  ]
}
